
Microsoft Visual Studio Solution File, Format Version 12.00
# Visual Studio Version 17
VisualStudioVersion = 17.8.34309.116
MinimumVisualStudioVersion = 10.0.40219.1
Project("{FAE04EC0-301F-11D3-BF4B-00C04F79EFBC}") = "Gateway", "Gateway\Gateway.csproj", "{33CAA9BF-1618-4F2E-95EB-345F2A2D0989}"
EndProject
Project("{FAE04EC0-301F-11D3-BF4B-00C04F79EFBC}") = "Application", "Application\Application.csproj", "{A0C5B64C-5BED-43FB-BB81-7771CE0CF212}"
EndProject
Project("{FAE04EC0-301F-11D3-BF4B-00C04F79EFBC}") = "Persistence", "Persistence\Persistence.csproj", "{18B5DE9B-505B-4E90-8723-8DC7232CD8A2}"
EndProject
Project("{FAE04EC0-301F-11D3-BF4B-00C04F79EFBC}") = "Domain", "Domain\Domain.csproj", "{5F053171-369B-4D31-8DF8-4C49AC001C8A}"
EndProject
Global
	GlobalSection(SolutionConfigurationPlatforms) = preSolution
		Debug|Any CPU = Debug|Any CPU
		Release|Any CPU = Release|Any CPU
	EndGlobalSection
	GlobalSection(ProjectConfigurationPlatforms) = postSolution
		{33CAA9BF-1618-4F2E-95EB-345F2A2D0989}.Debug|Any CPU.ActiveCfg = Debug|Any CPU
		{33CAA9BF-1618-4F2E-95EB-345F2A2D0989}.Debug|Any CPU.Build.0 = Debug|Any CPU
		{33CAA9BF-1618-4F2E-95EB-345F2A2D0989}.Release|Any CPU.ActiveCfg = Release|Any CPU
		{33CAA9BF-1618-4F2E-95EB-345F2A2D0989}.Release|Any CPU.Build.0 = Release|Any CPU
		{A0C5B64C-5BED-43FB-BB81-7771CE0CF212}.Debug|Any CPU.ActiveCfg = Debug|Any CPU
		{A0C5B64C-5BED-43FB-BB81-7771CE0CF212}.Debug|Any CPU.Build.0 = Debug|Any CPU
		{A0C5B64C-5BED-43FB-BB81-7771CE0CF212}.Release|Any CPU.ActiveCfg = Release|Any CPU
		{A0C5B64C-5BED-43FB-BB81-7771CE0CF212}.Release|Any CPU.Build.0 = Release|Any CPU
		{18B5DE9B-505B-4E90-8723-8DC7232CD8A2}.Debug|Any CPU.ActiveCfg = Debug|Any CPU
		{18B5DE9B-505B-4E90-8723-8DC7232CD8A2}.Debug|Any CPU.Build.0 = Debug|Any CPU
		{18B5DE9B-505B-4E90-8723-8DC7232CD8A2}.Release|Any CPU.ActiveCfg = Release|Any CPU
		{18B5DE9B-505B-4E90-8723-8DC7232CD8A2}.Release|Any CPU.Build.0 = Release|Any CPU
		{5F053171-369B-4D31-8DF8-4C49AC001C8A}.Debug|Any CPU.ActiveCfg = Debug|Any CPU
		{5F053171-369B-4D31-8DF8-4C49AC001C8A}.Debug|Any CPU.Build.0 = Debug|Any CPU
		{5F053171-369B-4D31-8DF8-4C49AC001C8A}.Release|Any CPU.ActiveCfg = Release|Any CPU
		{5F053171-369B-4D31-8DF8-4C49AC001C8A}.Release|Any CPU.Build.0 = Release|Any CPU
	EndGlobalSection
	GlobalSection(SolutionProperties) = preSolution
		HideSolutionNode = FALSE
	EndGlobalSection
	GlobalSection(ExtensibilityGlobals) = postSolution
		SolutionGuid = {DA5F3D85-9BD2-45E5-A27D-6EA04589DD0F}
	EndGlobalSection
EndGlobal
